// !$*UTF8*$!
{
	archiveVersion = 1;
	classes = {
	};
	objectVersion = 46;
	objects = {

/* Begin PBXBuildFile section */
		730982EA1B94DE6E0067DA51 /* ScoreImageGenerator.swift in Sources */ = {isa = PBXBuildFile; fileRef = 730982E91B94DE6E0067DA51 /* ScoreImageGenerator.swift */; };
		73206A5E1B8789E700D2BA22 /* PauseNode.swift in Sources */ = {isa = PBXBuildFile; fileRef = 73206A5D1B8789E700D2BA22 /* PauseNode.swift */; };
		73206A621B87AF4B00D2BA22 /* ButtonNode.swift in Sources */ = {isa = PBXBuildFile; fileRef = 73206A611B87AF4B00D2BA22 /* ButtonNode.swift */; };
		73206A641B8BA15200D2BA22 /* MrMarketGame.swift in Sources */ = {isa = PBXBuildFile; fileRef = 73206A631B8BA15200D2BA22 /* MrMarketGame.swift */; };
		73206A661B8C066100D2BA22 /* ping-pong.mp3 in Resources */ = {isa = PBXBuildFile; fileRef = 73206A651B8C066100D2BA22 /* ping-pong.mp3 */; };
		73206A681B8C066700D2BA22 /* hopping-along.mp3 in Resources */ = {isa = PBXBuildFile; fileRef = 73206A671B8C066700D2BA22 /* hopping-along.mp3 */; };
		73206A6A1B8CBD5D00D2BA22 /* GameOverNode.swift in Sources */ = {isa = PBXBuildFile; fileRef = 73206A691B8CBD5D00D2BA22 /* GameOverNode.swift */; };
		73206A6C1B8D65C800D2BA22 /* Images.xcassets in Resources */ = {isa = PBXBuildFile; fileRef = 73206A6B1B8D65C800D2BA22 /* Images.xcassets */; };
		73206A6E1B8D849700D2BA22 /* GameKit.framework in Frameworks */ = {isa = PBXBuildFile; fileRef = 73206A6D1B8D849700D2BA22 /* GameKit.framework */; };
		73231D681B99607800154EA6 /* failure.wav in Resources */ = {isa = PBXBuildFile; fileRef = 73231D671B99607800154EA6 /* failure.wav */; };
		73231D6A1B9960D700154EA6 /* money.wav in Resources */ = {isa = PBXBuildFile; fileRef = 73231D691B9960D700154EA6 /* money.wav */; };
		73231D701B996BA600154EA6 /* alertAlarm.mp3 in Resources */ = {isa = PBXBuildFile; fileRef = 73231D6F1B996BA600154EA6 /* alertAlarm.mp3 */; };
		732D457E1BA87AAC00442340 /* success.wav in Resources */ = {isa = PBXBuildFile; fileRef = 732D457D1BA87AAC00442340 /* success.wav */; };
		733FFA841B7E3C95004B842E /* spark.png in Resources */ = {isa = PBXBuildFile; fileRef = 733FFA821B7E3C95004B842E /* spark.png */; };
		7349F8431B91152F009B6A16 /* AboutViewController.swift in Sources */ = {isa = PBXBuildFile; fileRef = 7349F8421B91152F009B6A16 /* AboutViewController.swift */; };
		73A974541B7EA4BB00CACF04 /* pop.wav in Resources */ = {isa = PBXBuildFile; fileRef = 73A974531B7EA4BB00CACF04 /* pop.wav */; };
		73A974561B7EA4F600CACF04 /* slam.wav in Resources */ = {isa = PBXBuildFile; fileRef = 73A974551B7EA4F600CACF04 /* slam.wav */; };
		73A974621B82717400CACF04 /* SparkParticle.sks in Resources */ = {isa = PBXBuildFile; fileRef = 73A974611B82717400CACF04 /* SparkParticle.sks */; };
		73A974651B82B07900CACF04 /* Company.swift in Sources */ = {isa = PBXBuildFile; fileRef = 73A974641B82B07900CACF04 /* Company.swift */; };
		73A974691B82BF2C00CACF04 /* Portfolio.swift in Sources */ = {isa = PBXBuildFile; fileRef = 73A974681B82BF2C00CACF04 /* Portfolio.swift */; };
		73A9746B1B82C12800CACF04 /* Price.swift in Sources */ = {isa = PBXBuildFile; fileRef = 73A9746A1B82C12800CACF04 /* Price.swift */; };
		73A9746F1B82FB5100CACF04 /* Market.swift in Sources */ = {isa = PBXBuildFile; fileRef = 73A9746E1B82FB5100CACF04 /* Market.swift */; };
		73E1C3EF1B8641C400B3B57A /* InitialViewController.swift in Sources */ = {isa = PBXBuildFile; fileRef = 73E1C3EE1B8641C300B3B57A /* InitialViewController.swift */; };
		73E658261B9E86540091E762 /* sprites.atlas in Resources */ = {isa = PBXBuildFile; fileRef = 73E658251B9E86540091E762 /* sprites.atlas */; };
		73E658281B9F44030091E762 /* HowToPlayViewController.swift in Sources */ = {isa = PBXBuildFile; fileRef = 73E658271B9F44030091E762 /* HowToPlayViewController.swift */; };
		73E6582C1B9F6A160091E762 /* MrMarketFaceScene.swift in Sources */ = {isa = PBXBuildFile; fileRef = 73E6582B1B9F6A160091E762 /* MrMarketFaceScene.swift */; };
		73E6582F1B9FCEA60091E762 /* TutorialPageContentViewController.swift in Sources */ = {isa = PBXBuildFile; fileRef = 73E6582E1B9FCEA50091E762 /* TutorialPageContentViewController.swift */; };
		73F1FDE31B9E35A100C4742E /* HowToPlayScene.swift in Sources */ = {isa = PBXBuildFile; fileRef = 73F1FDE21B9E35A100C4742E /* HowToPlayScene.swift */; };
		73F1FDE51B9E3D9500C4742E /* TutorialViewController.swift in Sources */ = {isa = PBXBuildFile; fileRef = 73F1FDE41B9E3D9500C4742E /* TutorialViewController.swift */; };
		73F5D5F61B76912F009C7A9A /* AppDelegate.swift in Sources */ = {isa = PBXBuildFile; fileRef = 73F5D5F51B76912F009C7A9A /* AppDelegate.swift */; };
		73F5D5FF1B76912F009C7A9A /* Main.storyboard in Resources */ = {isa = PBXBuildFile; fileRef = 73F5D5FD1B76912F009C7A9A /* Main.storyboard */; };
		73F5D6041B76912F009C7A9A /* LaunchScreen.xib in Resources */ = {isa = PBXBuildFile; fileRef = 73F5D6021B76912F009C7A9A /* LaunchScreen.xib */; };
		73F5D6101B76912F009C7A9A /* Mr_MarketTests.swift in Sources */ = {isa = PBXBuildFile; fileRef = 73F5D60F1B76912F009C7A9A /* Mr_MarketTests.swift */; };
		73F5D61A1B76918F009C7A9A /* MarketGameScene.swift in Sources */ = {isa = PBXBuildFile; fileRef = 73F5D6191B76918F009C7A9A /* MarketGameScene.swift */; };
		73F5D61C1B7691C7009C7A9A /* MarketGameViewController.swift in Sources */ = {isa = PBXBuildFile; fileRef = 73F5D61B1B7691C7009C7A9A /* MarketGameViewController.swift */; };
		73F5D6201B76CA2B009C7A9A /* MrMarket.swift in Sources */ = {isa = PBXBuildFile; fileRef = 73F5D61F1B76CA2B009C7A9A /* MrMarket.swift */; };
		73F5D6221B76CACC009C7A9A /* SharedConstants.swift in Sources */ = {isa = PBXBuildFile; fileRef = 73F5D6211B76CACC009C7A9A /* SharedConstants.swift */; };
		73F5D6DD1B7C3877009C7A9A /* Block.swift in Sources */ = {isa = PBXBuildFile; fileRef = 73F5D6DC1B7C3877009C7A9A /* Block.swift */; };
		73F81A341B8E24FA00CDF9CF /* iAd.framework in Frameworks */ = {isa = PBXBuildFile; fileRef = 73F81A321B8E249000CDF9CF /* iAd.framework */; };
		73F81A351B8E250000CDF9CF /* StoreKit.framework in Frameworks */ = {isa = PBXBuildFile; fileRef = 73206A6F1B8DAA0500D2BA22 /* StoreKit.framework */; };
/* End PBXBuildFile section */

/* Begin PBXContainerItemProxy section */
		73F5D60A1B76912F009C7A9A /* PBXContainerItemProxy */ = {
			isa = PBXContainerItemProxy;
			containerPortal = 73F5D5E81B76912E009C7A9A /* Project object */;
			proxyType = 1;
			remoteGlobalIDString = 73F5D5EF1B76912F009C7A9A;
			remoteInfo = "Mr Market";
		};
/* End PBXContainerItemProxy section */

/* Begin PBXFileReference section */
		730982E91B94DE6E0067DA51 /* ScoreImageGenerator.swift */ = {isa = PBXFileReference; fileEncoding = 4; lastKnownFileType = sourcecode.swift; path = ScoreImageGenerator.swift; sourceTree = "<group>"; };
		73206A5D1B8789E700D2BA22 /* PauseNode.swift */ = {isa = PBXFileReference; fileEncoding = 4; lastKnownFileType = sourcecode.swift; path = PauseNode.swift; sourceTree = "<group>"; };
		73206A611B87AF4B00D2BA22 /* ButtonNode.swift */ = {isa = PBXFileReference; fileEncoding = 4; lastKnownFileType = sourcecode.swift; path = ButtonNode.swift; sourceTree = "<group>"; };
		73206A631B8BA15200D2BA22 /* MrMarketGame.swift */ = {isa = PBXFileReference; fileEncoding = 4; lastKnownFileType = sourcecode.swift; path = MrMarketGame.swift; sourceTree = "<group>"; };
		73206A651B8C066100D2BA22 /* ping-pong.mp3 */ = {isa = PBXFileReference; lastKnownFileType = audio.mp3; path = "ping-pong.mp3"; sourceTree = "<group>"; };
		73206A671B8C066700D2BA22 /* hopping-along.mp3 */ = {isa = PBXFileReference; lastKnownFileType = audio.mp3; path = "hopping-along.mp3"; sourceTree = "<group>"; };
		73206A691B8CBD5D00D2BA22 /* GameOverNode.swift */ = {isa = PBXFileReference; fileEncoding = 4; lastKnownFileType = sourcecode.swift; path = GameOverNode.swift; sourceTree = "<group>"; };
		73206A6B1B8D65C800D2BA22 /* Images.xcassets */ = {isa = PBXFileReference; lastKnownFileType = folder.assetcatalog; path = Images.xcassets; sourceTree = "<group>"; };
		73206A6D1B8D849700D2BA22 /* GameKit.framework */ = {isa = PBXFileReference; lastKnownFileType = wrapper.framework; name = GameKit.framework; path = System/Library/Frameworks/GameKit.framework; sourceTree = SDKROOT; };
		73206A6F1B8DAA0500D2BA22 /* StoreKit.framework */ = {isa = PBXFileReference; lastKnownFileType = wrapper.framework; name = StoreKit.framework; path = System/Library/Frameworks/StoreKit.framework; sourceTree = SDKROOT; };
		73231D671B99607800154EA6 /* failure.wav */ = {isa = PBXFileReference; lastKnownFileType = audio.wav; path = failure.wav; sourceTree = "<group>"; };
		73231D691B9960D700154EA6 /* money.wav */ = {isa = PBXFileReference; lastKnownFileType = audio.wav; path = money.wav; sourceTree = "<group>"; };
		73231D6F1B996BA600154EA6 /* alertAlarm.mp3 */ = {isa = PBXFileReference; lastKnownFileType = audio.mp3; path = alertAlarm.mp3; sourceTree = "<group>"; };
		732D457D1BA87AAC00442340 /* success.wav */ = {isa = PBXFileReference; lastKnownFileType = audio.wav; path = success.wav; sourceTree = "<group>"; };
		733FFA821B7E3C95004B842E /* spark.png */ = {isa = PBXFileReference; lastKnownFileType = image.png; path = spark.png; sourceTree = "<group>"; };
		7349F8421B91152F009B6A16 /* AboutViewController.swift */ = {isa = PBXFileReference; fileEncoding = 4; lastKnownFileType = sourcecode.swift; path = AboutViewController.swift; sourceTree = "<group>"; };
		73A974531B7EA4BB00CACF04 /* pop.wav */ = {isa = PBXFileReference; lastKnownFileType = audio.wav; path = pop.wav; sourceTree = "<group>"; };
		73A974551B7EA4F600CACF04 /* slam.wav */ = {isa = PBXFileReference; lastKnownFileType = audio.wav; path = slam.wav; sourceTree = "<group>"; };
		73A974611B82717400CACF04 /* SparkParticle.sks */ = {isa = PBXFileReference; lastKnownFileType = file.sks; path = SparkParticle.sks; sourceTree = "<group>"; };
		73A974641B82B07900CACF04 /* Company.swift */ = {isa = PBXFileReference; fileEncoding = 4; lastKnownFileType = sourcecode.swift; path = Company.swift; sourceTree = "<group>"; };
		73A974681B82BF2C00CACF04 /* Portfolio.swift */ = {isa = PBXFileReference; fileEncoding = 4; lastKnownFileType = sourcecode.swift; path = Portfolio.swift; sourceTree = "<group>"; };
		73A9746A1B82C12800CACF04 /* Price.swift */ = {isa = PBXFileReference; fileEncoding = 4; lastKnownFileType = sourcecode.swift; path = Price.swift; sourceTree = "<group>"; };
		73A9746E1B82FB5100CACF04 /* Market.swift */ = {isa = PBXFileReference; fileEncoding = 4; lastKnownFileType = sourcecode.swift; path = Market.swift; sourceTree = "<group>"; };
		73E1C3EE1B8641C300B3B57A /* InitialViewController.swift */ = {isa = PBXFileReference; fileEncoding = 4; lastKnownFileType = sourcecode.swift; path = InitialViewController.swift; sourceTree = "<group>"; };
		73E658251B9E86540091E762 /* sprites.atlas */ = {isa = PBXFileReference; lastKnownFileType = folder.skatlas; path = sprites.atlas; sourceTree = "<group>"; };
		73E658271B9F44030091E762 /* HowToPlayViewController.swift */ = {isa = PBXFileReference; fileEncoding = 4; lastKnownFileType = sourcecode.swift; path = HowToPlayViewController.swift; sourceTree = "<group>"; };
		73E6582B1B9F6A160091E762 /* MrMarketFaceScene.swift */ = {isa = PBXFileReference; fileEncoding = 4; lastKnownFileType = sourcecode.swift; path = MrMarketFaceScene.swift; sourceTree = "<group>"; };
		73E6582E1B9FCEA50091E762 /* TutorialPageContentViewController.swift */ = {isa = PBXFileReference; fileEncoding = 4; lastKnownFileType = sourcecode.swift; path = TutorialPageContentViewController.swift; sourceTree = "<group>"; };
		73F1FDE21B9E35A100C4742E /* HowToPlayScene.swift */ = {isa = PBXFileReference; fileEncoding = 4; lastKnownFileType = sourcecode.swift; path = HowToPlayScene.swift; sourceTree = "<group>"; };
		73F1FDE41B9E3D9500C4742E /* TutorialViewController.swift */ = {isa = PBXFileReference; fileEncoding = 4; lastKnownFileType = sourcecode.swift; path = TutorialViewController.swift; sourceTree = "<group>"; };
		73F5D5F01B76912F009C7A9A /* Mr Market.app */ = {isa = PBXFileReference; explicitFileType = wrapper.application; includeInIndex = 0; path = "Mr Market.app"; sourceTree = BUILT_PRODUCTS_DIR; };
		73F5D5F41B76912F009C7A9A /* Info.plist */ = {isa = PBXFileReference; lastKnownFileType = text.plist.xml; path = Info.plist; sourceTree = "<group>"; };
		73F5D5F51B76912F009C7A9A /* AppDelegate.swift */ = {isa = PBXFileReference; lastKnownFileType = sourcecode.swift; path = AppDelegate.swift; sourceTree = "<group>"; };
		73F5D5FE1B76912F009C7A9A /* Base */ = {isa = PBXFileReference; lastKnownFileType = file.storyboard; name = Base; path = Base.lproj/Main.storyboard; sourceTree = "<group>"; };
		73F5D6031B76912F009C7A9A /* Base */ = {isa = PBXFileReference; lastKnownFileType = file.xib; name = Base; path = Base.lproj/LaunchScreen.xib; sourceTree = "<group>"; };
		73F5D6091B76912F009C7A9A /* Mr MarketTests.xctest */ = {isa = PBXFileReference; explicitFileType = wrapper.cfbundle; includeInIndex = 0; path = "Mr MarketTests.xctest"; sourceTree = BUILT_PRODUCTS_DIR; };
		73F5D60E1B76912F009C7A9A /* Info.plist */ = {isa = PBXFileReference; lastKnownFileType = text.plist.xml; path = Info.plist; sourceTree = "<group>"; };
		73F5D60F1B76912F009C7A9A /* Mr_MarketTests.swift */ = {isa = PBXFileReference; lastKnownFileType = sourcecode.swift; path = Mr_MarketTests.swift; sourceTree = "<group>"; };
		73F5D6191B76918F009C7A9A /* MarketGameScene.swift */ = {isa = PBXFileReference; fileEncoding = 4; lastKnownFileType = sourcecode.swift; path = MarketGameScene.swift; sourceTree = "<group>"; };
		73F5D61B1B7691C7009C7A9A /* MarketGameViewController.swift */ = {isa = PBXFileReference; fileEncoding = 4; lastKnownFileType = sourcecode.swift; path = MarketGameViewController.swift; sourceTree = "<group>"; };
		73F5D61F1B76CA2B009C7A9A /* MrMarket.swift */ = {isa = PBXFileReference; fileEncoding = 4; lastKnownFileType = sourcecode.swift; path = MrMarket.swift; sourceTree = "<group>"; };
		73F5D6211B76CACC009C7A9A /* SharedConstants.swift */ = {isa = PBXFileReference; fileEncoding = 4; lastKnownFileType = sourcecode.swift; path = SharedConstants.swift; sourceTree = "<group>"; };
		73F5D6DC1B7C3877009C7A9A /* Block.swift */ = {isa = PBXFileReference; fileEncoding = 4; lastKnownFileType = sourcecode.swift; path = Block.swift; sourceTree = "<group>"; };
		73F81A321B8E249000CDF9CF /* iAd.framework */ = {isa = PBXFileReference; lastKnownFileType = wrapper.framework; name = iAd.framework; path = System/Library/Frameworks/iAd.framework; sourceTree = SDKROOT; };
/* End PBXFileReference section */

/* Begin PBXFrameworksBuildPhase section */
		73F5D5ED1B76912F009C7A9A /* Frameworks */ = {
			isa = PBXFrameworksBuildPhase;
			buildActionMask = 2147483647;
			files = (
				73206A6E1B8D849700D2BA22 /* GameKit.framework in Frameworks */,
				73F81A341B8E24FA00CDF9CF /* iAd.framework in Frameworks */,
				73F81A351B8E250000CDF9CF /* StoreKit.framework in Frameworks */,
			);
			runOnlyForDeploymentPostprocessing = 0;
		};
		73F5D6061B76912F009C7A9A /* Frameworks */ = {
			isa = PBXFrameworksBuildPhase;
			buildActionMask = 2147483647;
			files = (
			);
			runOnlyForDeploymentPostprocessing = 0;
		};
/* End PBXFrameworksBuildPhase section */

/* Begin PBXGroup section */
		733FFA851B7E49BA004B842E /* Emitters */ = {
			isa = PBXGroup;
			children = (
				73A974611B82717400CACF04 /* SparkParticle.sks */,
				733FFA821B7E3C95004B842E /* spark.png */,
			);
			name = Emitters;
			sourceTree = "<group>";
		};
		73A974521B7EA4B200CACF04 /* Sounds */ = {
			isa = PBXGroup;
			children = (
				73231D6F1B996BA600154EA6 /* alertAlarm.mp3 */,
				732D457D1BA87AAC00442340 /* success.wav */,
				73231D691B9960D700154EA6 /* money.wav */,
				73231D671B99607800154EA6 /* failure.wav */,
				73206A671B8C066700D2BA22 /* hopping-along.mp3 */,
				73206A651B8C066100D2BA22 /* ping-pong.mp3 */,
				73A974531B7EA4BB00CACF04 /* pop.wav */,
				73A974551B7EA4F600CACF04 /* slam.wav */,
			);
			name = Sounds;
			sourceTree = "<group>";
		};
		73A974631B82B06100CACF04 /* Model */ = {
			isa = PBXGroup;
			children = (
				73206A631B8BA15200D2BA22 /* MrMarketGame.swift */,
				73A9746E1B82FB5100CACF04 /* Market.swift */,
				73A974641B82B07900CACF04 /* Company.swift */,
				73A974681B82BF2C00CACF04 /* Portfolio.swift */,
				73A9746A1B82C12800CACF04 /* Price.swift */,
				730982E91B94DE6E0067DA51 /* ScoreImageGenerator.swift */,
			);
			name = Model;
			sourceTree = "<group>";
		};
		73E1C3F01B8641CD00B3B57A /* Controller */ = {
			isa = PBXGroup;
			children = (
				73E1C3EE1B8641C300B3B57A /* InitialViewController.swift */,
				73F5D61B1B7691C7009C7A9A /* MarketGameViewController.swift */,
				7349F8421B91152F009B6A16 /* AboutViewController.swift */,
				73E6582D1B9F70080091E762 /* Tutorial */,
			);
			name = Controller;
			sourceTree = "<group>";
		};
		73E6582D1B9F70080091E762 /* Tutorial */ = {
			isa = PBXGroup;
			children = (
				73F1FDE41B9E3D9500C4742E /* TutorialViewController.swift */,
				73E6582E1B9FCEA50091E762 /* TutorialPageContentViewController.swift */,
				73E658271B9F44030091E762 /* HowToPlayViewController.swift */,
			);
			name = Tutorial;
			sourceTree = "<group>";
		};
		73F5D5E71B76912E009C7A9A = {
			isa = PBXGroup;
			children = (
				73F5D5F21B76912F009C7A9A /* Mr Market */,
				73F5D60C1B76912F009C7A9A /* Mr MarketTests */,
				73F5D5F11B76912F009C7A9A /* Products */,
			);
			sourceTree = "<group>";
		};
		73F5D5F11B76912F009C7A9A /* Products */ = {
			isa = PBXGroup;
			children = (
				73F5D5F01B76912F009C7A9A /* Mr Market.app */,
				73F5D6091B76912F009C7A9A /* Mr MarketTests.xctest */,
			);
			name = Products;
			sourceTree = "<group>";
		};
		73F5D5F21B76912F009C7A9A /* Mr Market */ = {
			isa = PBXGroup;
			children = (
				73F5D5F51B76912F009C7A9A /* AppDelegate.swift */,
				73F5D5FD1B76912F009C7A9A /* Main.storyboard */,
				73F5D6211B76CACC009C7A9A /* SharedConstants.swift */,
				73F5D6DF1B7C3890009C7A9A /* Scenes */,
				73F5D6DE1B7C387E009C7A9A /* SpriteNodes */,
				73A974631B82B06100CACF04 /* Model */,
				73E1C3F01B8641CD00B3B57A /* Controller */,
				73206A6B1B8D65C800D2BA22 /* Images.xcassets */,
				73E658251B9E86540091E762 /* sprites.atlas */,
				73F5D5F31B76912F009C7A9A /* Supporting Files */,
			);
			path = "Mr Market";
			sourceTree = "<group>";
		};
		73F5D5F31B76912F009C7A9A /* Supporting Files */ = {
			isa = PBXGroup;
			children = (
				73F81A321B8E249000CDF9CF /* iAd.framework */,
				73206A6F1B8DAA0500D2BA22 /* StoreKit.framework */,
				73206A6D1B8D849700D2BA22 /* GameKit.framework */,
				73A974521B7EA4B200CACF04 /* Sounds */,
				73F5D6021B76912F009C7A9A /* LaunchScreen.xib */,
				73F5D5F41B76912F009C7A9A /* Info.plist */,
			);
			name = "Supporting Files";
			sourceTree = "<group>";
		};
		73F5D60C1B76912F009C7A9A /* Mr MarketTests */ = {
			isa = PBXGroup;
			children = (
				73F5D60F1B76912F009C7A9A /* Mr_MarketTests.swift */,
				73F5D60D1B76912F009C7A9A /* Supporting Files */,
			);
			path = "Mr MarketTests";
			sourceTree = "<group>";
		};
		73F5D60D1B76912F009C7A9A /* Supporting Files */ = {
			isa = PBXGroup;
			children = (
				73F5D60E1B76912F009C7A9A /* Info.plist */,
			);
			name = "Supporting Files";
			sourceTree = "<group>";
		};
		73F5D6DE1B7C387E009C7A9A /* SpriteNodes */ = {
			isa = PBXGroup;
			children = (
				73206A5D1B8789E700D2BA22 /* PauseNode.swift */,
				73206A691B8CBD5D00D2BA22 /* GameOverNode.swift */,
				73F5D61F1B76CA2B009C7A9A /* MrMarket.swift */,
				73F5D6DC1B7C3877009C7A9A /* Block.swift */,
				73206A611B87AF4B00D2BA22 /* ButtonNode.swift */,
				733FFA851B7E49BA004B842E /* Emitters */,
			);
			name = SpriteNodes;
			sourceTree = "<group>";
		};
		73F5D6DF1B7C3890009C7A9A /* Scenes */ = {
			isa = PBXGroup;
			children = (
				73F5D6191B76918F009C7A9A /* MarketGameScene.swift */,
				73F1FDE21B9E35A100C4742E /* HowToPlayScene.swift */,
				73E6582B1B9F6A160091E762 /* MrMarketFaceScene.swift */,
			);
			name = Scenes;
			sourceTree = "<group>";
		};
/* End PBXGroup section */

/* Begin PBXNativeTarget section */
		73F5D5EF1B76912F009C7A9A /* Mr Market */ = {
			isa = PBXNativeTarget;
			buildConfigurationList = 73F5D6131B76912F009C7A9A /* Build configuration list for PBXNativeTarget "Mr Market" */;
			buildPhases = (
				73F5D5EC1B76912F009C7A9A /* Sources */,
				73F5D5ED1B76912F009C7A9A /* Frameworks */,
				73F5D5EE1B76912F009C7A9A /* Resources */,
			);
			buildRules = (
			);
			dependencies = (
			);
			name = "Mr Market";
			productName = "Mr Market";
			productReference = 73F5D5F01B76912F009C7A9A /* Mr Market.app */;
			productType = "com.apple.product-type.application";
		};
		73F5D6081B76912F009C7A9A /* Mr MarketTests */ = {
			isa = PBXNativeTarget;
			buildConfigurationList = 73F5D6161B76912F009C7A9A /* Build configuration list for PBXNativeTarget "Mr MarketTests" */;
			buildPhases = (
				73F5D6051B76912F009C7A9A /* Sources */,
				73F5D6061B76912F009C7A9A /* Frameworks */,
				73F5D6071B76912F009C7A9A /* Resources */,
			);
			buildRules = (
			);
			dependencies = (
				73F5D60B1B76912F009C7A9A /* PBXTargetDependency */,
			);
			name = "Mr MarketTests";
			productName = "Mr MarketTests";
			productReference = 73F5D6091B76912F009C7A9A /* Mr MarketTests.xctest */;
			productType = "com.apple.product-type.bundle.unit-test";
		};
/* End PBXNativeTarget section */

/* Begin PBXProject section */
		73F5D5E81B76912E009C7A9A /* Project object */ = {
			isa = PBXProject;
			attributes = {
				LastUpgradeCheck = 0640;
				ORGANIZATIONNAME = Villou;
				TargetAttributes = {
					73F5D5EF1B76912F009C7A9A = {
						CreatedOnToolsVersion = 6.4;
						DevelopmentTeam = 9F26XL4W94;
						SystemCapabilities = {
							com.apple.GameCenter = {
								enabled = 1;
							};
							com.apple.InAppPurchase = {
								enabled = 1;
							};
						};
					};
					73F5D6081B76912F009C7A9A = {
						CreatedOnToolsVersion = 6.4;
						TestTargetID = 73F5D5EF1B76912F009C7A9A;
					};
				};
			};
			buildConfigurationList = 73F5D5EB1B76912E009C7A9A /* Build configuration list for PBXProject "Mr Market" */;
			compatibilityVersion = "Xcode 3.2";
			developmentRegion = English;
			hasScannedForEncodings = 0;
			knownRegions = (
				en,
				Base,
			);
			mainGroup = 73F5D5E71B76912E009C7A9A;
			productRefGroup = 73F5D5F11B76912F009C7A9A /* Products */;
			projectDirPath = "";
			projectRoot = "";
			targets = (
				73F5D5EF1B76912F009C7A9A /* Mr Market */,
				73F5D6081B76912F009C7A9A /* Mr MarketTests */,
			);
		};
/* End PBXProject section */

/* Begin PBXResourcesBuildPhase section */
		73F5D5EE1B76912F009C7A9A /* Resources */ = {
			isa = PBXResourcesBuildPhase;
			buildActionMask = 2147483647;
			files = (
				73231D681B99607800154EA6 /* failure.wav in Resources */,
				73231D701B996BA600154EA6 /* alertAlarm.mp3 in Resources */,
				73F5D6041B76912F009C7A9A /* LaunchScreen.xib in Resources */,
				73231D6A1B9960D700154EA6 /* money.wav in Resources */,
				73E658261B9E86540091E762 /* sprites.atlas in Resources */,
				73206A6C1B8D65C800D2BA22 /* Images.xcassets in Resources */,
				733FFA841B7E3C95004B842E /* spark.png in Resources */,
				732D457E1BA87AAC00442340 /* success.wav in Resources */,
				73206A681B8C066700D2BA22 /* hopping-along.mp3 in Resources */,
				73A974561B7EA4F600CACF04 /* slam.wav in Resources */,
				73F5D5FF1B76912F009C7A9A /* Main.storyboard in Resources */,
				73206A661B8C066100D2BA22 /* ping-pong.mp3 in Resources */,
				73A974621B82717400CACF04 /* SparkParticle.sks in Resources */,
				73A974541B7EA4BB00CACF04 /* pop.wav in Resources */,
			);
			runOnlyForDeploymentPostprocessing = 0;
		};
		73F5D6071B76912F009C7A9A /* Resources */ = {
			isa = PBXResourcesBuildPhase;
			buildActionMask = 2147483647;
			files = (
			);
			runOnlyForDeploymentPostprocessing = 0;
		};
/* End PBXResourcesBuildPhase section */

/* Begin PBXSourcesBuildPhase section */
		73F5D5EC1B76912F009C7A9A /* Sources */ = {
			isa = PBXSourcesBuildPhase;
			buildActionMask = 2147483647;
			files = (
				73F5D6201B76CA2B009C7A9A /* MrMarket.swift in Sources */,
				73F1FDE51B9E3D9500C4742E /* TutorialViewController.swift in Sources */,
				73F1FDE31B9E35A100C4742E /* HowToPlayScene.swift in Sources */,
				73F5D6221B76CACC009C7A9A /* SharedConstants.swift in Sources */,
				73206A5E1B8789E700D2BA22 /* PauseNode.swift in Sources */,
				73E1C3EF1B8641C400B3B57A /* InitialViewController.swift in Sources */,
				730982EA1B94DE6E0067DA51 /* ScoreImageGenerator.swift in Sources */,
				73E6582F1B9FCEA60091E762 /* TutorialPageContentViewController.swift in Sources */,
				73A974691B82BF2C00CACF04 /* Portfolio.swift in Sources */,
				73F5D61A1B76918F009C7A9A /* MarketGameScene.swift in Sources */,
				73E6582C1B9F6A160091E762 /* MrMarketFaceScene.swift in Sources */,
				73F5D6DD1B7C3877009C7A9A /* Block.swift in Sources */,
				73A9746B1B82C12800CACF04 /* Price.swift in Sources */,
				73206A641B8BA15200D2BA22 /* MrMarketGame.swift in Sources */,
				73A974651B82B07900CACF04 /* Company.swift in Sources */,
				73F5D61C1B7691C7009C7A9A /* MarketGameViewController.swift in Sources */,
				73E658281B9F44030091E762 /* HowToPlayViewController.swift in Sources */,
				73F5D5F61B76912F009C7A9A /* AppDelegate.swift in Sources */,
				73A9746F1B82FB5100CACF04 /* Market.swift in Sources */,
				73206A621B87AF4B00D2BA22 /* ButtonNode.swift in Sources */,
				7349F8431B91152F009B6A16 /* AboutViewController.swift in Sources */,
				73206A6A1B8CBD5D00D2BA22 /* GameOverNode.swift in Sources */,
			);
			runOnlyForDeploymentPostprocessing = 0;
		};
		73F5D6051B76912F009C7A9A /* Sources */ = {
			isa = PBXSourcesBuildPhase;
			buildActionMask = 2147483647;
			files = (
				73F5D6101B76912F009C7A9A /* Mr_MarketTests.swift in Sources */,
			);
			runOnlyForDeploymentPostprocessing = 0;
		};
/* End PBXSourcesBuildPhase section */

/* Begin PBXTargetDependency section */
		73F5D60B1B76912F009C7A9A /* PBXTargetDependency */ = {
			isa = PBXTargetDependency;
			target = 73F5D5EF1B76912F009C7A9A /* Mr Market */;
			targetProxy = 73F5D60A1B76912F009C7A9A /* PBXContainerItemProxy */;
		};
/* End PBXTargetDependency section */

/* Begin PBXVariantGroup section */
		73F5D5FD1B76912F009C7A9A /* Main.storyboard */ = {
			isa = PBXVariantGroup;
			children = (
				73F5D5FE1B76912F009C7A9A /* Base */,
			);
			name = Main.storyboard;
			sourceTree = "<group>";
		};
		73F5D6021B76912F009C7A9A /* LaunchScreen.xib */ = {
			isa = PBXVariantGroup;
			children = (
				73F5D6031B76912F009C7A9A /* Base */,
			);
			name = LaunchScreen.xib;
			sourceTree = "<group>";
		};
/* End PBXVariantGroup section */

/* Begin XCBuildConfiguration section */
		73F5D6111B76912F009C7A9A /* Debug */ = {
			isa = XCBuildConfiguration;
			buildSettings = {
				ALWAYS_SEARCH_USER_PATHS = NO;
				CLANG_CXX_LANGUAGE_STANDARD = "gnu++0x";
				CLANG_CXX_LIBRARY = "libc++";
				CLANG_ENABLE_MODULES = YES;
				CLANG_ENABLE_OBJC_ARC = YES;
				CLANG_WARN_BOOL_CONVERSION = YES;
				CLANG_WARN_CONSTANT_CONVERSION = YES;
				CLANG_WARN_DIRECT_OBJC_ISA_USAGE = YES_ERROR;
				CLANG_WARN_EMPTY_BODY = YES;
				CLANG_WARN_ENUM_CONVERSION = YES;
				CLANG_WARN_INT_CONVERSION = YES;
				CLANG_WARN_OBJC_ROOT_CLASS = YES_ERROR;
				CLANG_WARN_UNREACHABLE_CODE = YES;
				CLANG_WARN__DUPLICATE_METHOD_MATCH = YES;
				"CODE_SIGN_IDENTITY[sdk=iphoneos*]" = "iPhone Developer";
				COPY_PHASE_STRIP = NO;
				DEBUG_INFORMATION_FORMAT = "dwarf-with-dsym";
				ENABLE_STRICT_OBJC_MSGSEND = YES;
				GCC_C_LANGUAGE_STANDARD = gnu99;
				GCC_DYNAMIC_NO_PIC = NO;
				GCC_NO_COMMON_BLOCKS = YES;
				GCC_OPTIMIZATION_LEVEL = 0;
				GCC_PREPROCESSOR_DEFINITIONS = (
					"DEBUG=1",
					"$(inherited)",
				);
				GCC_SYMBOLS_PRIVATE_EXTERN = NO;
				GCC_WARN_64_TO_32_BIT_CONVERSION = YES;
				GCC_WARN_ABOUT_RETURN_TYPE = YES_ERROR;
				GCC_WARN_UNDECLARED_SELECTOR = YES;
				GCC_WARN_UNINITIALIZED_AUTOS = YES_AGGRESSIVE;
				GCC_WARN_UNUSED_FUNCTION = YES;
				GCC_WARN_UNUSED_VARIABLE = YES;
				IPHONEOS_DEPLOYMENT_TARGET = 8.4;
				MTL_ENABLE_DEBUG_INFO = YES;
				ONLY_ACTIVE_ARCH = YES;
				SDKROOT = iphoneos;
				SWIFT_OPTIMIZATION_LEVEL = "-Onone";
				TARGETED_DEVICE_FAMILY = "1,2";
			};
			name = Debug;
		};
		73F5D6121B76912F009C7A9A /* Release */ = {
			isa = XCBuildConfiguration;
			buildSettings = {
				ALWAYS_SEARCH_USER_PATHS = NO;
				CLANG_CXX_LANGUAGE_STANDARD = "gnu++0x";
				CLANG_CXX_LIBRARY = "libc++";
				CLANG_ENABLE_MODULES = YES;
				CLANG_ENABLE_OBJC_ARC = YES;
				CLANG_WARN_BOOL_CONVERSION = YES;
				CLANG_WARN_CONSTANT_CONVERSION = YES;
				CLANG_WARN_DIRECT_OBJC_ISA_USAGE = YES_ERROR;
				CLANG_WARN_EMPTY_BODY = YES;
				CLANG_WARN_ENUM_CONVERSION = YES;
				CLANG_WARN_INT_CONVERSION = YES;
				CLANG_WARN_OBJC_ROOT_CLASS = YES_ERROR;
				CLANG_WARN_UNREACHABLE_CODE = YES;
				CLANG_WARN__DUPLICATE_METHOD_MATCH = YES;
				"CODE_SIGN_IDENTITY[sdk=iphoneos*]" = "iPhone Developer";
				COPY_PHASE_STRIP = NO;
				DEBUG_INFORMATION_FORMAT = "dwarf-with-dsym";
				ENABLE_NS_ASSERTIONS = NO;
				ENABLE_STRICT_OBJC_MSGSEND = YES;
				GCC_C_LANGUAGE_STANDARD = gnu99;
				GCC_NO_COMMON_BLOCKS = YES;
				GCC_WARN_64_TO_32_BIT_CONVERSION = YES;
				GCC_WARN_ABOUT_RETURN_TYPE = YES_ERROR;
				GCC_WARN_UNDECLARED_SELECTOR = YES;
				GCC_WARN_UNINITIALIZED_AUTOS = YES_AGGRESSIVE;
				GCC_WARN_UNUSED_FUNCTION = YES;
				GCC_WARN_UNUSED_VARIABLE = YES;
				IPHONEOS_DEPLOYMENT_TARGET = 8.4;
				MTL_ENABLE_DEBUG_INFO = NO;
				SDKROOT = iphoneos;
				TARGETED_DEVICE_FAMILY = "1,2";
				VALIDATE_PRODUCT = YES;
			};
			name = Release;
		};
		73F5D6141B76912F009C7A9A /* Debug */ = {
			isa = XCBuildConfiguration;
			buildSettings = {
				ASSETCATALOG_COMPILER_APPICON_NAME = AppIcon;
				CODE_SIGN_IDENTITY = "iPhone Developer";
				"CODE_SIGN_IDENTITY[sdk=iphoneos*]" = "iPhone Developer";
				INFOPLIST_FILE = "Mr Market/Info.plist";
				IPHONEOS_DEPLOYMENT_TARGET = 8.0;
				LD_RUNPATH_SEARCH_PATHS = "$(inherited) @executable_path/Frameworks";
				PRODUCT_NAME = "$(TARGET_NAME)";
				PROVISIONING_PROFILE = "";
			};
			name = Debug;
		};
		73F5D6151B76912F009C7A9A /* Release */ = {
			isa = XCBuildConfiguration;
			buildSettings = {
				ASSETCATALOG_COMPILER_APPICON_NAME = AppIcon;
				CODE_SIGN_IDENTITY = "iPhone Developer";
				"CODE_SIGN_IDENTITY[sdk=iphoneos*]" = "iPhone Developer";
				INFOPLIST_FILE = "Mr Market/Info.plist";
				IPHONEOS_DEPLOYMENT_TARGET = 8.0;
				LD_RUNPATH_SEARCH_PATHS = "$(inherited) @executable_path/Frameworks";
				PRODUCT_NAME = "$(TARGET_NAME)";
				PROVISIONING_PROFILE = "";
			};
			name = Release;
		};
		73F5D6171B76912F009C7A9A /* Debug */ = {
			isa = XCBuildConfiguration;
			buildSettings = {
				BUNDLE_LOADER = "$(TEST_HOST)";
				FRAMEWORK_SEARCH_PATHS = (
					"$(SDKROOT)/Developer/Library/Frameworks",
					"$(inherited)",
				);
				GCC_PREPROCESSOR_DEFINITIONS = (
					"DEBUG=1",
					"$(inherited)",
				);
				INFOPLIST_FILE = "Mr MarketTests/Info.plist";
				LD_RUNPATH_SEARCH_PATHS = "$(inherited) @executable_path/Frameworks @loader_path/Frameworks";
				PRODUCT_NAME = "$(TARGET_NAME)";
				TEST_HOST = "$(BUILT_PRODUCTS_DIR)/Mr Market.app/Mr Market";
			};
			name = Debug;
		};
		73F5D6181B76912F009C7A9A /* Release */ = {
			isa = XCBuildConfiguration;
			buildSettings = {
				BUNDLE_LOADER = "$(TEST_HOST)";
				FRAMEWORK_SEARCH_PATHS = (
					"$(SDKROOT)/Developer/Library/Frameworks",
					"$(inherited)",
				);
				INFOPLIST_FILE = "Mr MarketTests/Info.plist";
				LD_RUNPATH_SEARCH_PATHS = "$(inherited) @executable_path/Frameworks @loader_path/Frameworks";
				PRODUCT_NAME = "$(TARGET_NAME)";
				TEST_HOST = "$(BUILT_PRODUCTS_DIR)/Mr Market.app/Mr Market";
			};
			name = Release;
		};
/* End XCBuildConfiguration section */

/* Begin XCConfigurationList section */
		73F5D5EB1B76912E009C7A9A /* Build configuration list for PBXProject "Mr Market" */ = {
			isa = XCConfigurationList;
			buildConfigurations = (
				73F5D6111B76912F009C7A9A /* Debug */,
				73F5D6121B76912F009C7A9A /* Release */,
			);
			defaultConfigurationIsVisible = 0;
			defaultConfigurationName = Release;
		};
		73F5D6131B76912F009C7A9A /* Build configuration list for PBXNativeTarget "Mr Market" */ = {
			isa = XCConfigurationList;
			buildConfigurations = (
				73F5D6141B76912F009C7A9A /* Debug */,
				73F5D6151B76912F009C7A9A /* Release */,
			);
			defaultConfigurationIsVisible = 0;
			defaultConfigurationName = Release;
		};
		73F5D6161B76912F009C7A9A /* Build configuration list for PBXNativeTarget "Mr MarketTests" */ = {
			isa = XCConfigurationList;
			buildConfigurations = (
				73F5D6171B76912F009C7A9A /* Debug */,
				73F5D6181B76912F009C7A9A /* Release */,
			);
			defaultConfigurationIsVisible = 0;
			defaultConfigurationName = Release;
		};
/* End XCConfigurationList section */
	};
	rootObject = 73F5D5E81B76912E009C7A9A /* Project object */;
}
